
Microsoft Visual Studio Solution File, Format Version 12.00
# Visual Studio 15
VisualStudioVersion = 15.0.28307.1259
MinimumVisualStudioVersion = 10.0.40219.1
Project("{8BC9CEB8-8B4A-11D0-8D11-00A0C91BC942}") = "Note_1_25", "Note_1_25\Note_1_25.vcxproj", "{329811DF-8E83-46BC-875D-17C1DF550606}"
EndProject
Global
	GlobalSection(SolutionConfigurationPlatforms) = preSolution
		Debug|x64 = Debug|x64
		Debug|x86 = Debug|x86
		Release|x64 = Release|x64
		Release|x86 = Release|x86
	EndGlobalSection
	GlobalSection(ProjectConfigurationPlatforms) = postSolution
		{329811DF-8E83-46BC-875D-17C1DF550606}.Debug|x64.ActiveCfg = Debug|x64
		{329811DF-8E83-46BC-875D-17C1DF550606}.Debug|x64.Build.0 = Debug|x64
		{329811DF-8E83-46BC-875D-17C1DF550606}.Debug|x86.ActiveCfg = Debug|Win32
		{329811DF-8E83-46BC-875D-17C1DF550606}.Debug|x86.Build.0 = Debug|Win32
		{329811DF-8E83-46BC-875D-17C1DF550606}.Release|x64.ActiveCfg = Release|x64
		{329811DF-8E83-46BC-875D-17C1DF550606}.Release|x64.Build.0 = Release|x64
		{329811DF-8E83-46BC-875D-17C1DF550606}.Release|x86.ActiveCfg = Release|Win32
		{329811DF-8E83-46BC-875D-17C1DF550606}.Release|x86.Build.0 = Release|Win32
	EndGlobalSection
	GlobalSection(SolutionProperties) = preSolution
		HideSolutionNode = FALSE
	EndGlobalSection
	GlobalSection(ExtensibilityGlobals) = postSolution
		SolutionGuid = {78C94ACE-0E44-460B-AF89-75F819608A59}
	EndGlobalSection
EndGlobal
