
Microsoft Visual Studio Solution File, Format Version 12.00
# Visual Studio 15
VisualStudioVersion = 15.0.28307.1259
MinimumVisualStudioVersion = 10.0.40219.1
Project("{8BC9CEB8-8B4A-11D0-8D11-00A0C91BC942}") = "Note_1_27", "Note_1_27\Note_1_27.vcxproj", "{B9B5B6A6-E085-4F92-A380-CBE88F925EFC}"
EndProject
Global
	GlobalSection(SolutionConfigurationPlatforms) = preSolution
		Debug|x64 = Debug|x64
		Debug|x86 = Debug|x86
		Release|x64 = Release|x64
		Release|x86 = Release|x86
	EndGlobalSection
	GlobalSection(ProjectConfigurationPlatforms) = postSolution
		{B9B5B6A6-E085-4F92-A380-CBE88F925EFC}.Debug|x64.ActiveCfg = Debug|x64
		{B9B5B6A6-E085-4F92-A380-CBE88F925EFC}.Debug|x64.Build.0 = Debug|x64
		{B9B5B6A6-E085-4F92-A380-CBE88F925EFC}.Debug|x86.ActiveCfg = Debug|Win32
		{B9B5B6A6-E085-4F92-A380-CBE88F925EFC}.Debug|x86.Build.0 = Debug|Win32
		{B9B5B6A6-E085-4F92-A380-CBE88F925EFC}.Release|x64.ActiveCfg = Release|x64
		{B9B5B6A6-E085-4F92-A380-CBE88F925EFC}.Release|x64.Build.0 = Release|x64
		{B9B5B6A6-E085-4F92-A380-CBE88F925EFC}.Release|x86.ActiveCfg = Release|Win32
		{B9B5B6A6-E085-4F92-A380-CBE88F925EFC}.Release|x86.Build.0 = Release|Win32
	EndGlobalSection
	GlobalSection(SolutionProperties) = preSolution
		HideSolutionNode = FALSE
	EndGlobalSection
	GlobalSection(ExtensibilityGlobals) = postSolution
		SolutionGuid = {531DA1F4-FDCD-4009-9D6B-D1F67CCF8F7F}
	EndGlobalSection
EndGlobal
