
Microsoft Visual Studio Solution File, Format Version 12.00
# Visual Studio 15
VisualStudioVersion = 15.0.28307.1259
MinimumVisualStudioVersion = 10.0.40219.1
Project("{8BC9CEB8-8B4A-11D0-8D11-00A0C91BC942}") = "Note_3_2", "Note_3_2\Note_3_2.vcxproj", "{884DF47F-275F-4621-90E6-B3C977CBD339}"
EndProject
Global
	GlobalSection(SolutionConfigurationPlatforms) = preSolution
		Debug|x64 = Debug|x64
		Debug|x86 = Debug|x86
		Release|x64 = Release|x64
		Release|x86 = Release|x86
	EndGlobalSection
	GlobalSection(ProjectConfigurationPlatforms) = postSolution
		{884DF47F-275F-4621-90E6-B3C977CBD339}.Debug|x64.ActiveCfg = Debug|x64
		{884DF47F-275F-4621-90E6-B3C977CBD339}.Debug|x64.Build.0 = Debug|x64
		{884DF47F-275F-4621-90E6-B3C977CBD339}.Debug|x86.ActiveCfg = Debug|Win32
		{884DF47F-275F-4621-90E6-B3C977CBD339}.Debug|x86.Build.0 = Debug|Win32
		{884DF47F-275F-4621-90E6-B3C977CBD339}.Release|x64.ActiveCfg = Release|x64
		{884DF47F-275F-4621-90E6-B3C977CBD339}.Release|x64.Build.0 = Release|x64
		{884DF47F-275F-4621-90E6-B3C977CBD339}.Release|x86.ActiveCfg = Release|Win32
		{884DF47F-275F-4621-90E6-B3C977CBD339}.Release|x86.Build.0 = Release|Win32
	EndGlobalSection
	GlobalSection(SolutionProperties) = preSolution
		HideSolutionNode = FALSE
	EndGlobalSection
	GlobalSection(ExtensibilityGlobals) = postSolution
		SolutionGuid = {01EBAD12-8423-4F61-B824-B37F27D8D57D}
	EndGlobalSection
EndGlobal
