
Microsoft Visual Studio Solution File, Format Version 12.00
# Visual Studio 15
VisualStudioVersion = 15.0.28307.1259
MinimumVisualStudioVersion = 10.0.40219.1
Project("{8BC9CEB8-8B4A-11D0-8D11-00A0C91BC942}") = "Note_2_4", "Note_2_4\Note_2_4.vcxproj", "{2D8C8F14-1F9C-48F5-9622-5A5D98C247D8}"
EndProject
Global
	GlobalSection(SolutionConfigurationPlatforms) = preSolution
		Debug|x64 = Debug|x64
		Debug|x86 = Debug|x86
		Release|x64 = Release|x64
		Release|x86 = Release|x86
	EndGlobalSection
	GlobalSection(ProjectConfigurationPlatforms) = postSolution
		{2D8C8F14-1F9C-48F5-9622-5A5D98C247D8}.Debug|x64.ActiveCfg = Debug|x64
		{2D8C8F14-1F9C-48F5-9622-5A5D98C247D8}.Debug|x64.Build.0 = Debug|x64
		{2D8C8F14-1F9C-48F5-9622-5A5D98C247D8}.Debug|x86.ActiveCfg = Debug|Win32
		{2D8C8F14-1F9C-48F5-9622-5A5D98C247D8}.Debug|x86.Build.0 = Debug|Win32
		{2D8C8F14-1F9C-48F5-9622-5A5D98C247D8}.Release|x64.ActiveCfg = Release|x64
		{2D8C8F14-1F9C-48F5-9622-5A5D98C247D8}.Release|x64.Build.0 = Release|x64
		{2D8C8F14-1F9C-48F5-9622-5A5D98C247D8}.Release|x86.ActiveCfg = Release|Win32
		{2D8C8F14-1F9C-48F5-9622-5A5D98C247D8}.Release|x86.Build.0 = Release|Win32
	EndGlobalSection
	GlobalSection(SolutionProperties) = preSolution
		HideSolutionNode = FALSE
	EndGlobalSection
	GlobalSection(ExtensibilityGlobals) = postSolution
		SolutionGuid = {04E24A31-DDAF-4A43-A57B-13051A3A8047}
	EndGlobalSection
EndGlobal
